// !$*UTF8*$!
{
	"archiveVersion" = "1";
	"classes" = {

	};
	"objectVersion" = "56";
	"objects" = {
		"41CF6794BA4200B839C53531" = {
			"isa" = "PBXFileReference";
			"lastKnownFileType" = "sourcecode.swift";
			"path" = "ZuchiniDemoApp.swift";
			"sourceTree" = "<group>";
		};
		"A8792157CB4F27FB949C035F" = {
			"isa" = "PBXFileReference";
			"explicitFileType" = "wrapper.application";
			"includeInIndex" = "0";
			"path" = "ZuchiniDemo.app";
			"sourceTree" = "BUILT_PRODUCTS_DIR";
		};
		"58FC94A557F07B263FCBB54B" = {
			"isa" = "PBXBuildFile";
			"fileRef" = "41CF6794BA4200B839C53531";
		};
		"4C62EC40DF63DF0873D128AE" = {
			"isa" = "XCLocalSwiftPackageReference";
			"relativePath" = "../..";
		};
		"ED8A401225DAF06D6E3B84CD" = {
			"isa" = "XCSwiftPackageProductDependency";
			"package" = "4C62EC40DF63DF0873D128AE";
			"productName" = "ZuchiniCore";
		};
		"D6B7212DEBB0A64BF5E1B1C9" = {
			"isa" = "PBXBuildFile";
			"productRef" = "ED8A401225DAF06D6E3B84CD";
		};
		"97D1F044F0ED4E89A13AFB4E" = {
			"isa" = "XCSwiftPackageProductDependency";
			"package" = "4C62EC40DF63DF0873D128AE";
			"productName" = "ZuchiniMenu";
		};
		"6113737C25CE1C9547843E30" = {
			"isa" = "PBXBuildFile";
			"productRef" = "97D1F044F0ED4E89A13AFB4E";
		};
		"D626F04DF571B9BB2451CBFE" = {
			"isa" = "PBXSourcesBuildPhase";
			"buildActionMask" = "2147483647";
			"files" = (
				"58FC94A557F07B263FCBB54B",
			);
			"runOnlyForDeploymentPostprocessing" = "0";
		};
		"951DDECB505D289B8BC956E6" = {
			"isa" = "PBXFrameworksBuildPhase";
			"buildActionMask" = "2147483647";
			"files" = (
				"D6B7212DEBB0A64BF5E1B1C9",
				"6113737C25CE1C9547843E30",
			);
			"runOnlyForDeploymentPostprocessing" = "0";
		};
		"5C2473E515024614E403B8B9" = {
			"isa" = "PBXResourcesBuildPhase";
			"buildActionMask" = "2147483647";
			"files" = (

			);
			"runOnlyForDeploymentPostprocessing" = "0";
		};
		"B9E7F2871A3402983868AFC8" = {
			"isa" = "PBXGroup";
			"children" = (
				"A8792157CB4F27FB949C035F",
			);
			"name" = "Products";
			"sourceTree" = "<group>";
		};
		"19F479106CE8C3BA8C106518" = {
			"isa" = "PBXGroup";
			"children" = (
				"41CF6794BA4200B839C53531",
				"B9E7F2871A3402983868AFC8",
			);
			"sourceTree" = "<group>";
		};
		"488864B3D19480A82F7F1786" = {
			"isa" = "XCBuildConfiguration";
			"name" = "Debug";
			"buildSettings" = {
				"CLANG_ENABLE_MODULES" = "YES";
				"CLANG_ENABLE_OBJC_ARC" = "YES";
				"IPHONEOS_DEPLOYMENT_TARGET" = "16.0";
				"SDKROOT" = "iphoneos";
				"SWIFT_VERSION" = "5.0";
				"DEBUG_INFORMATION_FORMAT" = "dwarf";
				"SWIFT_OPTIMIZATION_LEVEL" = "-Onone";
				"SWIFT_ACTIVE_COMPILATION_CONDITIONS" = "DEBUG $(inherited)";
			};
		};
		"952548237D7F645F11D1E7B6" = {
			"isa" = "XCBuildConfiguration";
			"name" = "Debug";
			"buildSettings" = {
				"CODE_SIGN_STYLE" = "Automatic";
				"CURRENT_PROJECT_VERSION" = "1";
				"MARKETING_VERSION" = "0.1.0";
				"GENERATE_INFOPLIST_FILE" = "YES";
				"INFOPLIST_KEY_CFBundleDisplayName" = "Zuchini";
				"INFOPLIST_KEY_UIApplicationSceneManifest_Generation" = "YES";
				"INFOPLIST_KEY_UILaunchScreen_Generation" = "YES";
				"INFOPLIST_KEY_UISupportedInterfaceOrientations" = "UIInterfaceOrientationPortrait UIInterfaceOrientationLandscapeLeft UIInterfaceOrientationLandscapeRight";
				"INFOPLIST_KEY_UISupportedInterfaceOrientations_iPad" = "UIInterfaceOrientationPortrait UIInterfaceOrientationPortraitUpsideDown UIInterfaceOrientationLandscapeLeft UIInterfaceOrientationLandscapeRight";
				"PRODUCT_BUNDLE_IDENTIFIER" = "com.example.zuchini.demo";
				"PRODUCT_NAME" = "$(TARGET_NAME)";
				"SUPPORTED_PLATFORMS" = "iphoneos iphonesimulator";
				"SUPPORTS_MACCATALYST" = "NO";
				"TARGETED_DEVICE_FAMILY" = "1,2";
				"LD_RUNPATH_SEARCH_PATHS" = (
					"$(inherited)",
					"@executable_path/Frameworks",
				);
			};
		};
		"35B1014F135DE9B45529B733" = {
			"isa" = "XCBuildConfiguration";
			"name" = "Release";
			"buildSettings" = {
				"CLANG_ENABLE_MODULES" = "YES";
				"CLANG_ENABLE_OBJC_ARC" = "YES";
				"IPHONEOS_DEPLOYMENT_TARGET" = "16.0";
				"SDKROOT" = "iphoneos";
				"SWIFT_VERSION" = "5.0";
				"DEBUG_INFORMATION_FORMAT" = "dwarf-with-dsym";
				"SWIFT_OPTIMIZATION_LEVEL" = "-O";
				"SWIFT_ACTIVE_COMPILATION_CONDITIONS" = "$(inherited)";
			};
		};
		"E2D3A31BEAA1368FC62DA77A" = {
			"isa" = "XCBuildConfiguration";
			"name" = "Release";
			"buildSettings" = {
				"CODE_SIGN_STYLE" = "Automatic";
				"CURRENT_PROJECT_VERSION" = "1";
				"MARKETING_VERSION" = "0.1.0";
				"GENERATE_INFOPLIST_FILE" = "YES";
				"INFOPLIST_KEY_CFBundleDisplayName" = "Zuchini";
				"INFOPLIST_KEY_UIApplicationSceneManifest_Generation" = "YES";
				"INFOPLIST_KEY_UILaunchScreen_Generation" = "YES";
				"INFOPLIST_KEY_UISupportedInterfaceOrientations" = "UIInterfaceOrientationPortrait UIInterfaceOrientationLandscapeLeft UIInterfaceOrientationLandscapeRight";
				"INFOPLIST_KEY_UISupportedInterfaceOrientations_iPad" = "UIInterfaceOrientationPortrait UIInterfaceOrientationPortraitUpsideDown UIInterfaceOrientationLandscapeLeft UIInterfaceOrientationLandscapeRight";
				"PRODUCT_BUNDLE_IDENTIFIER" = "com.example.zuchini.demo";
				"PRODUCT_NAME" = "$(TARGET_NAME)";
				"SUPPORTED_PLATFORMS" = "iphoneos iphonesimulator";
				"SUPPORTS_MACCATALYST" = "NO";
				"TARGETED_DEVICE_FAMILY" = "1,2";
				"LD_RUNPATH_SEARCH_PATHS" = (
					"$(inherited)",
					"@executable_path/Frameworks",
				);
			};
		};
		"7ED5184A5487DF185E3420D0" = {
			"isa" = "XCConfigurationList";
			"buildConfigurations" = (
				"488864B3D19480A82F7F1786",
				"35B1014F135DE9B45529B733",
			);
			"defaultConfigurationIsVisible" = "0";
			"defaultConfigurationName" = "Release";
		};
		"82A58AF6F77EDCFC78A65DA6" = {
			"isa" = "XCConfigurationList";
			"buildConfigurations" = (
				"952548237D7F645F11D1E7B6",
				"E2D3A31BEAA1368FC62DA77A",
			);
			"defaultConfigurationIsVisible" = "0";
			"defaultConfigurationName" = "Release";
		};
		"C1E9827DB735CA9BAA54A540" = {
			"isa" = "PBXNativeTarget";
			"buildConfigurationList" = "82A58AF6F77EDCFC78A65DA6";
			"buildPhases" = (
				"D626F04DF571B9BB2451CBFE",
				"951DDECB505D289B8BC956E6",
				"5C2473E515024614E403B8B9",
			);
			"buildRules" = (

			);
			"dependencies" = (

			);
			"name" = "ZuchiniDemo";
			"packageProductDependencies" = (
				"ED8A401225DAF06D6E3B84CD",
				"97D1F044F0ED4E89A13AFB4E",
			);
			"productName" = "ZuchiniDemo";
			"productReference" = "A8792157CB4F27FB949C035F";
			"productType" = "com.apple.product-type.application";
		};
		"244210E48437B6556980A702" = {
			"isa" = "PBXProject";
			"attributes" = {
				"LastUpgradeCheck" = "1500";
				"BuildIndependentTargetsInParallel" = "YES";
			};
			"buildConfigurationList" = "7ED5184A5487DF185E3420D0";
			"compatibilityVersion" = "Xcode 14.0";
			"developmentRegion" = "en";
			"hasScannedForEncodings" = "0";
			"knownRegions" = (
				"en",
				"Base",
			);
			"mainGroup" = "19F479106CE8C3BA8C106518";
			"packageReferences" = (
				"4C62EC40DF63DF0873D128AE",
			);
			"productRefGroup" = "B9E7F2871A3402983868AFC8";
			"projectDirPath" = "";
			"projectRoot" = "";
			"targets" = (
				"C1E9827DB735CA9BAA54A540",
			);
		};
	};
	"rootObject" = "244210E48437B6556980A702";
}
